
Microsoft Visual Studio Solution File, Format Version 12.00
# Visual Studio Version 17
VisualStudioVersion = 17.0.31903.59
MinimumVisualStudioVersion = 10.0.40219.1
Project("{9A19103F-16F7-4668-BE54-9A1E7A4F7556}") = "Worldescape", "Worldescape\Worldescape.csproj", "{2A82A395-A0B7-4317-8956-AA2CA7E8640C}"
EndProject
Project("{9A19103F-16F7-4668-BE54-9A1E7A4F7556}") = "Worldescape.Core", "Worldescape.Core\Worldescape.Core.csproj", "{C5B1D65F-77AD-4F41-A816-A3B32F1EDC97}"
EndProject
Project("{FAE04EC0-301F-11D3-BF4B-00C04F79EFBC}") = "WorldescapeService", "WorldescapeService\WorldescapeService.csproj", "{09CC312D-F0C1-42D5-A684-C78020DA31AD}"
EndProject
Project("{FAE04EC0-301F-11D3-BF4B-00C04F79EFBC}") = "WorldescapeService.Core", "WorldescapeService.Core\WorldescapeService.Core.csproj", "{54FDB26C-EE71-4E77-9D10-86D3A4A7EAAC}"
EndProject
Global
	GlobalSection(SolutionConfigurationPlatforms) = preSolution
		Debug|Any CPU = Debug|Any CPU
		Release|Any CPU = Release|Any CPU
	EndGlobalSection
	GlobalSection(ProjectConfigurationPlatforms) = postSolution
		{2A82A395-A0B7-4317-8956-AA2CA7E8640C}.Debug|Any CPU.ActiveCfg = Debug|Any CPU
		{2A82A395-A0B7-4317-8956-AA2CA7E8640C}.Debug|Any CPU.Build.0 = Debug|Any CPU
		{2A82A395-A0B7-4317-8956-AA2CA7E8640C}.Release|Any CPU.ActiveCfg = Release|Any CPU
		{2A82A395-A0B7-4317-8956-AA2CA7E8640C}.Release|Any CPU.Build.0 = Release|Any CPU
		{C5B1D65F-77AD-4F41-A816-A3B32F1EDC97}.Debug|Any CPU.ActiveCfg = Debug|Any CPU
		{C5B1D65F-77AD-4F41-A816-A3B32F1EDC97}.Debug|Any CPU.Build.0 = Debug|Any CPU
		{C5B1D65F-77AD-4F41-A816-A3B32F1EDC97}.Release|Any CPU.ActiveCfg = Release|Any CPU
		{C5B1D65F-77AD-4F41-A816-A3B32F1EDC97}.Release|Any CPU.Build.0 = Release|Any CPU
		{09CC312D-F0C1-42D5-A684-C78020DA31AD}.Debug|Any CPU.ActiveCfg = Debug|Any CPU
		{09CC312D-F0C1-42D5-A684-C78020DA31AD}.Debug|Any CPU.Build.0 = Debug|Any CPU
		{09CC312D-F0C1-42D5-A684-C78020DA31AD}.Release|Any CPU.ActiveCfg = Release|Any CPU
		{09CC312D-F0C1-42D5-A684-C78020DA31AD}.Release|Any CPU.Build.0 = Release|Any CPU
		{54FDB26C-EE71-4E77-9D10-86D3A4A7EAAC}.Debug|Any CPU.ActiveCfg = Debug|Any CPU
		{54FDB26C-EE71-4E77-9D10-86D3A4A7EAAC}.Debug|Any CPU.Build.0 = Debug|Any CPU
		{54FDB26C-EE71-4E77-9D10-86D3A4A7EAAC}.Release|Any CPU.ActiveCfg = Release|Any CPU
		{54FDB26C-EE71-4E77-9D10-86D3A4A7EAAC}.Release|Any CPU.Build.0 = Release|Any CPU
	EndGlobalSection
	GlobalSection(SolutionProperties) = preSolution
		HideSolutionNode = FALSE
	EndGlobalSection
	GlobalSection(ExtensibilityGlobals) = postSolution
		SolutionGuid = {43D28B23-E329-435F-8BF1-85AF1424B251}
	EndGlobalSection
EndGlobal
