
Microsoft Visual Studio Solution File, Format Version 12.00
# Visual Studio Version 17
VisualStudioVersion = 17.0.31903.59
MinimumVisualStudioVersion = 10.0.40219.1
Project("{9A19103F-16F7-4668-BE54-9A1E7A4F7556}") = "WorldescapeWebService", "WorldescapeWebService\WorldescapeWebService.csproj", "{09CC312D-F0C1-42D5-A684-C78020DA31AD}"
EndProject
Project("{9A19103F-16F7-4668-BE54-9A1E7A4F7556}") = "WorldescapeWebService.Core", "WorldescapeWebService.Core\WorldescapeWebService.Core.csproj", "{54FDB26C-EE71-4E77-9D10-86D3A4A7EAAC}"
EndProject
Project("{2150E333-8FDC-42A3-9474-1A3956D46DE8}") = "Application", "Application", "{CE7D5598-7C96-4969-81CC-2F584423BADE}"
EndProject
Project("{2150E333-8FDC-42A3-9474-1A3956D46DE8}") = "Libraries", "Libraries", "{6DE6833C-2640-4A72-945A-6E9A5A3238B3}"
EndProject
Project("{2150E333-8FDC-42A3-9474-1A3956D46DE8}") = "WebServices", "WebServices", "{2F265F2C-582E-4EFC-BF8D-CF525BFB55A3}"
EndProject
Project("{9A19103F-16F7-4668-BE54-9A1E7A4F7556}") = "Worldescape.Core", "Worldescape.Core\Worldescape.Core.csproj", "{414C40D6-9FB2-4BF7-A6DF-FC6BEFB1202E}"
EndProject
Project("{9A19103F-16F7-4668-BE54-9A1E7A4F7556}") = "Worldescape.Shared", "Worldescape.Shared\Worldescape.Shared.csproj", "{70D12ACE-4398-4617-BEA8-3FB19D8173AE}"
EndProject
Project("{FAE04EC0-301F-11D3-BF4B-00C04F79EFBC}") = "Worldescape", "Worldescape\Worldescape\Worldescape.csproj", "{F7DD3542-154A-4EAD-86BD-0E3590BA6A38}"
EndProject
Project("{FAE04EC0-301F-11D3-BF4B-00C04F79EFBC}") = "Worldescape.Browser", "Worldescape\Worldescape.Browser\Worldescape.Browser.csproj", "{92CD044B-B51A-4B24-956A-F48FD9C39FEB}"
EndProject
Global
	GlobalSection(SolutionConfigurationPlatforms) = preSolution
		Debug|Any CPU = Debug|Any CPU
		Debug|ARM = Debug|ARM
		Debug|ARM64 = Debug|ARM64
		Debug|x64 = Debug|x64
		Debug|x86 = Debug|x86
		Release|Any CPU = Release|Any CPU
		Release|ARM = Release|ARM
		Release|ARM64 = Release|ARM64
		Release|x64 = Release|x64
		Release|x86 = Release|x86
	EndGlobalSection
	GlobalSection(ProjectConfigurationPlatforms) = postSolution
		{09CC312D-F0C1-42D5-A684-C78020DA31AD}.Debug|Any CPU.ActiveCfg = Debug|Any CPU
		{09CC312D-F0C1-42D5-A684-C78020DA31AD}.Debug|Any CPU.Build.0 = Debug|Any CPU
		{09CC312D-F0C1-42D5-A684-C78020DA31AD}.Debug|ARM.ActiveCfg = Debug|Any CPU
		{09CC312D-F0C1-42D5-A684-C78020DA31AD}.Debug|ARM.Build.0 = Debug|Any CPU
		{09CC312D-F0C1-42D5-A684-C78020DA31AD}.Debug|ARM64.ActiveCfg = Debug|Any CPU
		{09CC312D-F0C1-42D5-A684-C78020DA31AD}.Debug|ARM64.Build.0 = Debug|Any CPU
		{09CC312D-F0C1-42D5-A684-C78020DA31AD}.Debug|x64.ActiveCfg = Debug|Any CPU
		{09CC312D-F0C1-42D5-A684-C78020DA31AD}.Debug|x64.Build.0 = Debug|Any CPU
		{09CC312D-F0C1-42D5-A684-C78020DA31AD}.Debug|x86.ActiveCfg = Debug|Any CPU
		{09CC312D-F0C1-42D5-A684-C78020DA31AD}.Debug|x86.Build.0 = Debug|Any CPU
		{09CC312D-F0C1-42D5-A684-C78020DA31AD}.Release|Any CPU.ActiveCfg = Release|Any CPU
		{09CC312D-F0C1-42D5-A684-C78020DA31AD}.Release|Any CPU.Build.0 = Release|Any CPU
		{09CC312D-F0C1-42D5-A684-C78020DA31AD}.Release|ARM.ActiveCfg = Release|Any CPU
		{09CC312D-F0C1-42D5-A684-C78020DA31AD}.Release|ARM.Build.0 = Release|Any CPU
		{09CC312D-F0C1-42D5-A684-C78020DA31AD}.Release|ARM64.ActiveCfg = Release|Any CPU
		{09CC312D-F0C1-42D5-A684-C78020DA31AD}.Release|ARM64.Build.0 = Release|Any CPU
		{09CC312D-F0C1-42D5-A684-C78020DA31AD}.Release|x64.ActiveCfg = Release|Any CPU
		{09CC312D-F0C1-42D5-A684-C78020DA31AD}.Release|x64.Build.0 = Release|Any CPU
		{09CC312D-F0C1-42D5-A684-C78020DA31AD}.Release|x86.ActiveCfg = Release|Any CPU
		{09CC312D-F0C1-42D5-A684-C78020DA31AD}.Release|x86.Build.0 = Release|Any CPU
		{54FDB26C-EE71-4E77-9D10-86D3A4A7EAAC}.Debug|Any CPU.ActiveCfg = Debug|Any CPU
		{54FDB26C-EE71-4E77-9D10-86D3A4A7EAAC}.Debug|Any CPU.Build.0 = Debug|Any CPU
		{54FDB26C-EE71-4E77-9D10-86D3A4A7EAAC}.Debug|ARM.ActiveCfg = Debug|Any CPU
		{54FDB26C-EE71-4E77-9D10-86D3A4A7EAAC}.Debug|ARM.Build.0 = Debug|Any CPU
		{54FDB26C-EE71-4E77-9D10-86D3A4A7EAAC}.Debug|ARM64.ActiveCfg = Debug|Any CPU
		{54FDB26C-EE71-4E77-9D10-86D3A4A7EAAC}.Debug|ARM64.Build.0 = Debug|Any CPU
		{54FDB26C-EE71-4E77-9D10-86D3A4A7EAAC}.Debug|x64.ActiveCfg = Debug|Any CPU
		{54FDB26C-EE71-4E77-9D10-86D3A4A7EAAC}.Debug|x64.Build.0 = Debug|Any CPU
		{54FDB26C-EE71-4E77-9D10-86D3A4A7EAAC}.Debug|x86.ActiveCfg = Debug|Any CPU
		{54FDB26C-EE71-4E77-9D10-86D3A4A7EAAC}.Debug|x86.Build.0 = Debug|Any CPU
		{54FDB26C-EE71-4E77-9D10-86D3A4A7EAAC}.Release|Any CPU.ActiveCfg = Release|Any CPU
		{54FDB26C-EE71-4E77-9D10-86D3A4A7EAAC}.Release|Any CPU.Build.0 = Release|Any CPU
		{54FDB26C-EE71-4E77-9D10-86D3A4A7EAAC}.Release|ARM.ActiveCfg = Release|Any CPU
		{54FDB26C-EE71-4E77-9D10-86D3A4A7EAAC}.Release|ARM.Build.0 = Release|Any CPU
		{54FDB26C-EE71-4E77-9D10-86D3A4A7EAAC}.Release|ARM64.ActiveCfg = Release|Any CPU
		{54FDB26C-EE71-4E77-9D10-86D3A4A7EAAC}.Release|ARM64.Build.0 = Release|Any CPU
		{54FDB26C-EE71-4E77-9D10-86D3A4A7EAAC}.Release|x64.ActiveCfg = Release|Any CPU
		{54FDB26C-EE71-4E77-9D10-86D3A4A7EAAC}.Release|x64.Build.0 = Release|Any CPU
		{54FDB26C-EE71-4E77-9D10-86D3A4A7EAAC}.Release|x86.ActiveCfg = Release|Any CPU
		{54FDB26C-EE71-4E77-9D10-86D3A4A7EAAC}.Release|x86.Build.0 = Release|Any CPU
		{414C40D6-9FB2-4BF7-A6DF-FC6BEFB1202E}.Debug|Any CPU.ActiveCfg = Debug|Any CPU
		{414C40D6-9FB2-4BF7-A6DF-FC6BEFB1202E}.Debug|Any CPU.Build.0 = Debug|Any CPU
		{414C40D6-9FB2-4BF7-A6DF-FC6BEFB1202E}.Debug|ARM.ActiveCfg = Debug|Any CPU
		{414C40D6-9FB2-4BF7-A6DF-FC6BEFB1202E}.Debug|ARM.Build.0 = Debug|Any CPU
		{414C40D6-9FB2-4BF7-A6DF-FC6BEFB1202E}.Debug|ARM64.ActiveCfg = Debug|Any CPU
		{414C40D6-9FB2-4BF7-A6DF-FC6BEFB1202E}.Debug|ARM64.Build.0 = Debug|Any CPU
		{414C40D6-9FB2-4BF7-A6DF-FC6BEFB1202E}.Debug|x64.ActiveCfg = Debug|Any CPU
		{414C40D6-9FB2-4BF7-A6DF-FC6BEFB1202E}.Debug|x64.Build.0 = Debug|Any CPU
		{414C40D6-9FB2-4BF7-A6DF-FC6BEFB1202E}.Debug|x86.ActiveCfg = Debug|Any CPU
		{414C40D6-9FB2-4BF7-A6DF-FC6BEFB1202E}.Debug|x86.Build.0 = Debug|Any CPU
		{414C40D6-9FB2-4BF7-A6DF-FC6BEFB1202E}.Release|Any CPU.ActiveCfg = Release|Any CPU
		{414C40D6-9FB2-4BF7-A6DF-FC6BEFB1202E}.Release|Any CPU.Build.0 = Release|Any CPU
		{414C40D6-9FB2-4BF7-A6DF-FC6BEFB1202E}.Release|ARM.ActiveCfg = Release|Any CPU
		{414C40D6-9FB2-4BF7-A6DF-FC6BEFB1202E}.Release|ARM.Build.0 = Release|Any CPU
		{414C40D6-9FB2-4BF7-A6DF-FC6BEFB1202E}.Release|ARM64.ActiveCfg = Release|Any CPU
		{414C40D6-9FB2-4BF7-A6DF-FC6BEFB1202E}.Release|ARM64.Build.0 = Release|Any CPU
		{414C40D6-9FB2-4BF7-A6DF-FC6BEFB1202E}.Release|x64.ActiveCfg = Release|Any CPU
		{414C40D6-9FB2-4BF7-A6DF-FC6BEFB1202E}.Release|x64.Build.0 = Release|Any CPU
		{414C40D6-9FB2-4BF7-A6DF-FC6BEFB1202E}.Release|x86.ActiveCfg = Release|Any CPU
		{414C40D6-9FB2-4BF7-A6DF-FC6BEFB1202E}.Release|x86.Build.0 = Release|Any CPU
		{70D12ACE-4398-4617-BEA8-3FB19D8173AE}.Debug|Any CPU.ActiveCfg = Debug|Any CPU
		{70D12ACE-4398-4617-BEA8-3FB19D8173AE}.Debug|Any CPU.Build.0 = Debug|Any CPU
		{70D12ACE-4398-4617-BEA8-3FB19D8173AE}.Debug|ARM.ActiveCfg = Debug|Any CPU
		{70D12ACE-4398-4617-BEA8-3FB19D8173AE}.Debug|ARM.Build.0 = Debug|Any CPU
		{70D12ACE-4398-4617-BEA8-3FB19D8173AE}.Debug|ARM64.ActiveCfg = Debug|Any CPU
		{70D12ACE-4398-4617-BEA8-3FB19D8173AE}.Debug|ARM64.Build.0 = Debug|Any CPU
		{70D12ACE-4398-4617-BEA8-3FB19D8173AE}.Debug|x64.ActiveCfg = Debug|Any CPU
		{70D12ACE-4398-4617-BEA8-3FB19D8173AE}.Debug|x64.Build.0 = Debug|Any CPU
		{70D12ACE-4398-4617-BEA8-3FB19D8173AE}.Debug|x86.ActiveCfg = Debug|Any CPU
		{70D12ACE-4398-4617-BEA8-3FB19D8173AE}.Debug|x86.Build.0 = Debug|Any CPU
		{70D12ACE-4398-4617-BEA8-3FB19D8173AE}.Release|Any CPU.ActiveCfg = Release|Any CPU
		{70D12ACE-4398-4617-BEA8-3FB19D8173AE}.Release|Any CPU.Build.0 = Release|Any CPU
		{70D12ACE-4398-4617-BEA8-3FB19D8173AE}.Release|ARM.ActiveCfg = Release|Any CPU
		{70D12ACE-4398-4617-BEA8-3FB19D8173AE}.Release|ARM.Build.0 = Release|Any CPU
		{70D12ACE-4398-4617-BEA8-3FB19D8173AE}.Release|ARM64.ActiveCfg = Release|Any CPU
		{70D12ACE-4398-4617-BEA8-3FB19D8173AE}.Release|ARM64.Build.0 = Release|Any CPU
		{70D12ACE-4398-4617-BEA8-3FB19D8173AE}.Release|x64.ActiveCfg = Release|Any CPU
		{70D12ACE-4398-4617-BEA8-3FB19D8173AE}.Release|x64.Build.0 = Release|Any CPU
		{70D12ACE-4398-4617-BEA8-3FB19D8173AE}.Release|x86.ActiveCfg = Release|Any CPU
		{70D12ACE-4398-4617-BEA8-3FB19D8173AE}.Release|x86.Build.0 = Release|Any CPU
		{F7DD3542-154A-4EAD-86BD-0E3590BA6A38}.Debug|Any CPU.ActiveCfg = Debug|Any CPU
		{F7DD3542-154A-4EAD-86BD-0E3590BA6A38}.Debug|Any CPU.Build.0 = Debug|Any CPU
		{F7DD3542-154A-4EAD-86BD-0E3590BA6A38}.Debug|ARM.ActiveCfg = Debug|Any CPU
		{F7DD3542-154A-4EAD-86BD-0E3590BA6A38}.Debug|ARM.Build.0 = Debug|Any CPU
		{F7DD3542-154A-4EAD-86BD-0E3590BA6A38}.Debug|ARM64.ActiveCfg = Debug|Any CPU
		{F7DD3542-154A-4EAD-86BD-0E3590BA6A38}.Debug|ARM64.Build.0 = Debug|Any CPU
		{F7DD3542-154A-4EAD-86BD-0E3590BA6A38}.Debug|x64.ActiveCfg = Debug|Any CPU
		{F7DD3542-154A-4EAD-86BD-0E3590BA6A38}.Debug|x64.Build.0 = Debug|Any CPU
		{F7DD3542-154A-4EAD-86BD-0E3590BA6A38}.Debug|x86.ActiveCfg = Debug|Any CPU
		{F7DD3542-154A-4EAD-86BD-0E3590BA6A38}.Debug|x86.Build.0 = Debug|Any CPU
		{F7DD3542-154A-4EAD-86BD-0E3590BA6A38}.Release|Any CPU.ActiveCfg = Release|Any CPU
		{F7DD3542-154A-4EAD-86BD-0E3590BA6A38}.Release|Any CPU.Build.0 = Release|Any CPU
		{F7DD3542-154A-4EAD-86BD-0E3590BA6A38}.Release|ARM.ActiveCfg = Release|Any CPU
		{F7DD3542-154A-4EAD-86BD-0E3590BA6A38}.Release|ARM.Build.0 = Release|Any CPU
		{F7DD3542-154A-4EAD-86BD-0E3590BA6A38}.Release|ARM64.ActiveCfg = Release|Any CPU
		{F7DD3542-154A-4EAD-86BD-0E3590BA6A38}.Release|ARM64.Build.0 = Release|Any CPU
		{F7DD3542-154A-4EAD-86BD-0E3590BA6A38}.Release|x64.ActiveCfg = Release|Any CPU
		{F7DD3542-154A-4EAD-86BD-0E3590BA6A38}.Release|x64.Build.0 = Release|Any CPU
		{F7DD3542-154A-4EAD-86BD-0E3590BA6A38}.Release|x86.ActiveCfg = Release|Any CPU
		{F7DD3542-154A-4EAD-86BD-0E3590BA6A38}.Release|x86.Build.0 = Release|Any CPU
		{92CD044B-B51A-4B24-956A-F48FD9C39FEB}.Debug|Any CPU.ActiveCfg = Debug|Any CPU
		{92CD044B-B51A-4B24-956A-F48FD9C39FEB}.Debug|Any CPU.Build.0 = Debug|Any CPU
		{92CD044B-B51A-4B24-956A-F48FD9C39FEB}.Debug|ARM.ActiveCfg = Debug|Any CPU
		{92CD044B-B51A-4B24-956A-F48FD9C39FEB}.Debug|ARM.Build.0 = Debug|Any CPU
		{92CD044B-B51A-4B24-956A-F48FD9C39FEB}.Debug|ARM64.ActiveCfg = Debug|Any CPU
		{92CD044B-B51A-4B24-956A-F48FD9C39FEB}.Debug|ARM64.Build.0 = Debug|Any CPU
		{92CD044B-B51A-4B24-956A-F48FD9C39FEB}.Debug|x64.ActiveCfg = Debug|Any CPU
		{92CD044B-B51A-4B24-956A-F48FD9C39FEB}.Debug|x64.Build.0 = Debug|Any CPU
		{92CD044B-B51A-4B24-956A-F48FD9C39FEB}.Debug|x86.ActiveCfg = Debug|Any CPU
		{92CD044B-B51A-4B24-956A-F48FD9C39FEB}.Debug|x86.Build.0 = Debug|Any CPU
		{92CD044B-B51A-4B24-956A-F48FD9C39FEB}.Release|Any CPU.ActiveCfg = Release|Any CPU
		{92CD044B-B51A-4B24-956A-F48FD9C39FEB}.Release|Any CPU.Build.0 = Release|Any CPU
		{92CD044B-B51A-4B24-956A-F48FD9C39FEB}.Release|ARM.ActiveCfg = Release|Any CPU
		{92CD044B-B51A-4B24-956A-F48FD9C39FEB}.Release|ARM.Build.0 = Release|Any CPU
		{92CD044B-B51A-4B24-956A-F48FD9C39FEB}.Release|ARM64.ActiveCfg = Release|Any CPU
		{92CD044B-B51A-4B24-956A-F48FD9C39FEB}.Release|ARM64.Build.0 = Release|Any CPU
		{92CD044B-B51A-4B24-956A-F48FD9C39FEB}.Release|x64.ActiveCfg = Release|Any CPU
		{92CD044B-B51A-4B24-956A-F48FD9C39FEB}.Release|x64.Build.0 = Release|Any CPU
		{92CD044B-B51A-4B24-956A-F48FD9C39FEB}.Release|x86.ActiveCfg = Release|Any CPU
		{92CD044B-B51A-4B24-956A-F48FD9C39FEB}.Release|x86.Build.0 = Release|Any CPU
	EndGlobalSection
	GlobalSection(SolutionProperties) = preSolution
		HideSolutionNode = FALSE
	EndGlobalSection
	GlobalSection(NestedProjects) = preSolution
		{09CC312D-F0C1-42D5-A684-C78020DA31AD} = {2F265F2C-582E-4EFC-BF8D-CF525BFB55A3}
		{54FDB26C-EE71-4E77-9D10-86D3A4A7EAAC} = {2F265F2C-582E-4EFC-BF8D-CF525BFB55A3}
		{414C40D6-9FB2-4BF7-A6DF-FC6BEFB1202E} = {CE7D5598-7C96-4969-81CC-2F584423BADE}
		{70D12ACE-4398-4617-BEA8-3FB19D8173AE} = {6DE6833C-2640-4A72-945A-6E9A5A3238B3}
		{F7DD3542-154A-4EAD-86BD-0E3590BA6A38} = {CE7D5598-7C96-4969-81CC-2F584423BADE}
		{92CD044B-B51A-4B24-956A-F48FD9C39FEB} = {CE7D5598-7C96-4969-81CC-2F584423BADE}
	EndGlobalSection
	GlobalSection(ExtensibilityGlobals) = postSolution
		SolutionGuid = {43D28B23-E329-435F-8BF1-85AF1424B251}
	EndGlobalSection
EndGlobal
