
Microsoft Visual Studio Solution File, Format Version 12.00
# Visual Studio Version 17
VisualStudioVersion = 17.0.31903.59
MinimumVisualStudioVersion = 10.0.40219.1
Project("{9A19103F-16F7-4668-BE54-9A1E7A4F7556}") = "Worldescape.Common", "Worldescape.Common\Worldescape.Common.csproj", "{C5B1D65F-77AD-4F41-A816-A3B32F1EDC97}"
EndProject
Project("{9A19103F-16F7-4668-BE54-9A1E7A4F7556}") = "WorldescapeWebService", "WorldescapeWebService\WorldescapeWebService.csproj", "{09CC312D-F0C1-42D5-A684-C78020DA31AD}"
EndProject
Project("{9A19103F-16F7-4668-BE54-9A1E7A4F7556}") = "WorldescapeWebService.Core", "WorldescapeWebService.Core\WorldescapeWebService.Core.csproj", "{54FDB26C-EE71-4E77-9D10-86D3A4A7EAAC}"
EndProject
Project("{2150E333-8FDC-42A3-9474-1A3956D46DE8}") = "Application", "Application", "{CE7D5598-7C96-4969-81CC-2F584423BADE}"
EndProject
Project("{2150E333-8FDC-42A3-9474-1A3956D46DE8}") = "Libraries", "Libraries", "{6DE6833C-2640-4A72-945A-6E9A5A3238B3}"
EndProject
Project("{2150E333-8FDC-42A3-9474-1A3956D46DE8}") = "WebServices", "WebServices", "{2F265F2C-582E-4EFC-BF8D-CF525BFB55A3}"
EndProject
Project("{9A19103F-16F7-4668-BE54-9A1E7A4F7556}") = "Worldescape.Core", "Worldescape.Core\Worldescape.Core.csproj", "{EDF095FE-4472-4ECB-BEA4-4246B8622B24}"
EndProject
Project("{D954291E-2A0B-460D-934E-DC6B0785DB48}") = "Worldescape.Shared", "Worldescape\Worldescape.Shared\Worldescape.Shared.shproj", "{6279C845-92F8-4333-AB99-3D213163593C}"
EndProject
Project("{2150E333-8FDC-42A3-9474-1A3956D46DE8}") = "Platforms", "Platforms", "{6EC9729C-287F-4AE1-9323-2073743F060D}"
EndProject
Project("{FAE04EC0-301F-11D3-BF4B-00C04F79EFBC}") = "Worldescape.UWP", "Worldescape\Worldescape.UWP\Worldescape.UWP.csproj", "{FAE48D31-6360-4054-B506-8C6FA6743116}"
EndProject
Project("{FAE04EC0-301F-11D3-BF4B-00C04F79EFBC}") = "Worldescape.Wasm", "Worldescape\Worldescape.Wasm\Worldescape.Wasm.csproj", "{700BC7D0-3A2B-4F96-BF05-5B1805BB56F4}"
EndProject
Project("{FAE04EC0-301F-11D3-BF4B-00C04F79EFBC}") = "Worldescape.App.Core", "Worldescape.App.Core\Worldescape.App.Core.csproj", "{414C40D6-9FB2-4BF7-A6DF-FC6BEFB1202E}"
EndProject
Global
	GlobalSection(SharedMSBuildProjectFiles) = preSolution
		Worldescape\Worldescape.Shared\Worldescape.Shared.projitems*{6279c845-92f8-4333-ab99-3d213163593c}*SharedItemsImports = 13
		Worldescape\Worldescape.Shared\Worldescape.Shared.projitems*{700bc7d0-3a2b-4f96-bf05-5b1805bb56f4}*SharedItemsImports = 5
		Worldescape\Worldescape.Shared\Worldescape.Shared.projitems*{fae48d31-6360-4054-b506-8c6fa6743116}*SharedItemsImports = 4
	EndGlobalSection
	GlobalSection(SolutionConfigurationPlatforms) = preSolution
		Debug|Any CPU = Debug|Any CPU
		Debug|ARM = Debug|ARM
		Debug|ARM64 = Debug|ARM64
		Debug|x64 = Debug|x64
		Debug|x86 = Debug|x86
		Release|Any CPU = Release|Any CPU
		Release|ARM = Release|ARM
		Release|ARM64 = Release|ARM64
		Release|x64 = Release|x64
		Release|x86 = Release|x86
	EndGlobalSection
	GlobalSection(ProjectConfigurationPlatforms) = postSolution
		{C5B1D65F-77AD-4F41-A816-A3B32F1EDC97}.Debug|Any CPU.ActiveCfg = Debug|Any CPU
		{C5B1D65F-77AD-4F41-A816-A3B32F1EDC97}.Debug|Any CPU.Build.0 = Debug|Any CPU
		{C5B1D65F-77AD-4F41-A816-A3B32F1EDC97}.Debug|ARM.ActiveCfg = Debug|Any CPU
		{C5B1D65F-77AD-4F41-A816-A3B32F1EDC97}.Debug|ARM.Build.0 = Debug|Any CPU
		{C5B1D65F-77AD-4F41-A816-A3B32F1EDC97}.Debug|ARM64.ActiveCfg = Debug|Any CPU
		{C5B1D65F-77AD-4F41-A816-A3B32F1EDC97}.Debug|ARM64.Build.0 = Debug|Any CPU
		{C5B1D65F-77AD-4F41-A816-A3B32F1EDC97}.Debug|x64.ActiveCfg = Debug|Any CPU
		{C5B1D65F-77AD-4F41-A816-A3B32F1EDC97}.Debug|x64.Build.0 = Debug|Any CPU
		{C5B1D65F-77AD-4F41-A816-A3B32F1EDC97}.Debug|x86.ActiveCfg = Debug|Any CPU
		{C5B1D65F-77AD-4F41-A816-A3B32F1EDC97}.Debug|x86.Build.0 = Debug|Any CPU
		{C5B1D65F-77AD-4F41-A816-A3B32F1EDC97}.Release|Any CPU.ActiveCfg = Release|Any CPU
		{C5B1D65F-77AD-4F41-A816-A3B32F1EDC97}.Release|Any CPU.Build.0 = Release|Any CPU
		{C5B1D65F-77AD-4F41-A816-A3B32F1EDC97}.Release|ARM.ActiveCfg = Release|Any CPU
		{C5B1D65F-77AD-4F41-A816-A3B32F1EDC97}.Release|ARM.Build.0 = Release|Any CPU
		{C5B1D65F-77AD-4F41-A816-A3B32F1EDC97}.Release|ARM64.ActiveCfg = Release|Any CPU
		{C5B1D65F-77AD-4F41-A816-A3B32F1EDC97}.Release|ARM64.Build.0 = Release|Any CPU
		{C5B1D65F-77AD-4F41-A816-A3B32F1EDC97}.Release|x64.ActiveCfg = Release|Any CPU
		{C5B1D65F-77AD-4F41-A816-A3B32F1EDC97}.Release|x64.Build.0 = Release|Any CPU
		{C5B1D65F-77AD-4F41-A816-A3B32F1EDC97}.Release|x86.ActiveCfg = Release|Any CPU
		{C5B1D65F-77AD-4F41-A816-A3B32F1EDC97}.Release|x86.Build.0 = Release|Any CPU
		{09CC312D-F0C1-42D5-A684-C78020DA31AD}.Debug|Any CPU.ActiveCfg = Debug|Any CPU
		{09CC312D-F0C1-42D5-A684-C78020DA31AD}.Debug|Any CPU.Build.0 = Debug|Any CPU
		{09CC312D-F0C1-42D5-A684-C78020DA31AD}.Debug|ARM.ActiveCfg = Debug|Any CPU
		{09CC312D-F0C1-42D5-A684-C78020DA31AD}.Debug|ARM.Build.0 = Debug|Any CPU
		{09CC312D-F0C1-42D5-A684-C78020DA31AD}.Debug|ARM64.ActiveCfg = Debug|Any CPU
		{09CC312D-F0C1-42D5-A684-C78020DA31AD}.Debug|ARM64.Build.0 = Debug|Any CPU
		{09CC312D-F0C1-42D5-A684-C78020DA31AD}.Debug|x64.ActiveCfg = Debug|Any CPU
		{09CC312D-F0C1-42D5-A684-C78020DA31AD}.Debug|x64.Build.0 = Debug|Any CPU
		{09CC312D-F0C1-42D5-A684-C78020DA31AD}.Debug|x86.ActiveCfg = Debug|Any CPU
		{09CC312D-F0C1-42D5-A684-C78020DA31AD}.Debug|x86.Build.0 = Debug|Any CPU
		{09CC312D-F0C1-42D5-A684-C78020DA31AD}.Release|Any CPU.ActiveCfg = Release|Any CPU
		{09CC312D-F0C1-42D5-A684-C78020DA31AD}.Release|Any CPU.Build.0 = Release|Any CPU
		{09CC312D-F0C1-42D5-A684-C78020DA31AD}.Release|ARM.ActiveCfg = Release|Any CPU
		{09CC312D-F0C1-42D5-A684-C78020DA31AD}.Release|ARM.Build.0 = Release|Any CPU
		{09CC312D-F0C1-42D5-A684-C78020DA31AD}.Release|ARM64.ActiveCfg = Release|Any CPU
		{09CC312D-F0C1-42D5-A684-C78020DA31AD}.Release|ARM64.Build.0 = Release|Any CPU
		{09CC312D-F0C1-42D5-A684-C78020DA31AD}.Release|x64.ActiveCfg = Release|Any CPU
		{09CC312D-F0C1-42D5-A684-C78020DA31AD}.Release|x64.Build.0 = Release|Any CPU
		{09CC312D-F0C1-42D5-A684-C78020DA31AD}.Release|x86.ActiveCfg = Release|Any CPU
		{09CC312D-F0C1-42D5-A684-C78020DA31AD}.Release|x86.Build.0 = Release|Any CPU
		{54FDB26C-EE71-4E77-9D10-86D3A4A7EAAC}.Debug|Any CPU.ActiveCfg = Debug|Any CPU
		{54FDB26C-EE71-4E77-9D10-86D3A4A7EAAC}.Debug|Any CPU.Build.0 = Debug|Any CPU
		{54FDB26C-EE71-4E77-9D10-86D3A4A7EAAC}.Debug|ARM.ActiveCfg = Debug|Any CPU
		{54FDB26C-EE71-4E77-9D10-86D3A4A7EAAC}.Debug|ARM.Build.0 = Debug|Any CPU
		{54FDB26C-EE71-4E77-9D10-86D3A4A7EAAC}.Debug|ARM64.ActiveCfg = Debug|Any CPU
		{54FDB26C-EE71-4E77-9D10-86D3A4A7EAAC}.Debug|ARM64.Build.0 = Debug|Any CPU
		{54FDB26C-EE71-4E77-9D10-86D3A4A7EAAC}.Debug|x64.ActiveCfg = Debug|Any CPU
		{54FDB26C-EE71-4E77-9D10-86D3A4A7EAAC}.Debug|x64.Build.0 = Debug|Any CPU
		{54FDB26C-EE71-4E77-9D10-86D3A4A7EAAC}.Debug|x86.ActiveCfg = Debug|Any CPU
		{54FDB26C-EE71-4E77-9D10-86D3A4A7EAAC}.Debug|x86.Build.0 = Debug|Any CPU
		{54FDB26C-EE71-4E77-9D10-86D3A4A7EAAC}.Release|Any CPU.ActiveCfg = Release|Any CPU
		{54FDB26C-EE71-4E77-9D10-86D3A4A7EAAC}.Release|Any CPU.Build.0 = Release|Any CPU
		{54FDB26C-EE71-4E77-9D10-86D3A4A7EAAC}.Release|ARM.ActiveCfg = Release|Any CPU
		{54FDB26C-EE71-4E77-9D10-86D3A4A7EAAC}.Release|ARM.Build.0 = Release|Any CPU
		{54FDB26C-EE71-4E77-9D10-86D3A4A7EAAC}.Release|ARM64.ActiveCfg = Release|Any CPU
		{54FDB26C-EE71-4E77-9D10-86D3A4A7EAAC}.Release|ARM64.Build.0 = Release|Any CPU
		{54FDB26C-EE71-4E77-9D10-86D3A4A7EAAC}.Release|x64.ActiveCfg = Release|Any CPU
		{54FDB26C-EE71-4E77-9D10-86D3A4A7EAAC}.Release|x64.Build.0 = Release|Any CPU
		{54FDB26C-EE71-4E77-9D10-86D3A4A7EAAC}.Release|x86.ActiveCfg = Release|Any CPU
		{54FDB26C-EE71-4E77-9D10-86D3A4A7EAAC}.Release|x86.Build.0 = Release|Any CPU
		{EDF095FE-4472-4ECB-BEA4-4246B8622B24}.Debug|Any CPU.ActiveCfg = Debug|Any CPU
		{EDF095FE-4472-4ECB-BEA4-4246B8622B24}.Debug|Any CPU.Build.0 = Debug|Any CPU
		{EDF095FE-4472-4ECB-BEA4-4246B8622B24}.Debug|ARM.ActiveCfg = Debug|Any CPU
		{EDF095FE-4472-4ECB-BEA4-4246B8622B24}.Debug|ARM.Build.0 = Debug|Any CPU
		{EDF095FE-4472-4ECB-BEA4-4246B8622B24}.Debug|ARM64.ActiveCfg = Debug|Any CPU
		{EDF095FE-4472-4ECB-BEA4-4246B8622B24}.Debug|ARM64.Build.0 = Debug|Any CPU
		{EDF095FE-4472-4ECB-BEA4-4246B8622B24}.Debug|x64.ActiveCfg = Debug|Any CPU
		{EDF095FE-4472-4ECB-BEA4-4246B8622B24}.Debug|x64.Build.0 = Debug|Any CPU
		{EDF095FE-4472-4ECB-BEA4-4246B8622B24}.Debug|x86.ActiveCfg = Debug|Any CPU
		{EDF095FE-4472-4ECB-BEA4-4246B8622B24}.Debug|x86.Build.0 = Debug|Any CPU
		{EDF095FE-4472-4ECB-BEA4-4246B8622B24}.Release|Any CPU.ActiveCfg = Release|Any CPU
		{EDF095FE-4472-4ECB-BEA4-4246B8622B24}.Release|Any CPU.Build.0 = Release|Any CPU
		{EDF095FE-4472-4ECB-BEA4-4246B8622B24}.Release|ARM.ActiveCfg = Release|Any CPU
		{EDF095FE-4472-4ECB-BEA4-4246B8622B24}.Release|ARM.Build.0 = Release|Any CPU
		{EDF095FE-4472-4ECB-BEA4-4246B8622B24}.Release|ARM64.ActiveCfg = Release|Any CPU
		{EDF095FE-4472-4ECB-BEA4-4246B8622B24}.Release|ARM64.Build.0 = Release|Any CPU
		{EDF095FE-4472-4ECB-BEA4-4246B8622B24}.Release|x64.ActiveCfg = Release|Any CPU
		{EDF095FE-4472-4ECB-BEA4-4246B8622B24}.Release|x64.Build.0 = Release|Any CPU
		{EDF095FE-4472-4ECB-BEA4-4246B8622B24}.Release|x86.ActiveCfg = Release|Any CPU
		{EDF095FE-4472-4ECB-BEA4-4246B8622B24}.Release|x86.Build.0 = Release|Any CPU
		{FAE48D31-6360-4054-B506-8C6FA6743116}.Debug|Any CPU.ActiveCfg = Debug|x64
		{FAE48D31-6360-4054-B506-8C6FA6743116}.Debug|Any CPU.Build.0 = Debug|x64
		{FAE48D31-6360-4054-B506-8C6FA6743116}.Debug|Any CPU.Deploy.0 = Debug|x64
		{FAE48D31-6360-4054-B506-8C6FA6743116}.Debug|ARM.ActiveCfg = Debug|ARM
		{FAE48D31-6360-4054-B506-8C6FA6743116}.Debug|ARM.Build.0 = Debug|ARM
		{FAE48D31-6360-4054-B506-8C6FA6743116}.Debug|ARM.Deploy.0 = Debug|ARM
		{FAE48D31-6360-4054-B506-8C6FA6743116}.Debug|ARM64.ActiveCfg = Debug|ARM64
		{FAE48D31-6360-4054-B506-8C6FA6743116}.Debug|ARM64.Build.0 = Debug|ARM64
		{FAE48D31-6360-4054-B506-8C6FA6743116}.Debug|ARM64.Deploy.0 = Debug|ARM64
		{FAE48D31-6360-4054-B506-8C6FA6743116}.Debug|x64.ActiveCfg = Debug|x64
		{FAE48D31-6360-4054-B506-8C6FA6743116}.Debug|x64.Build.0 = Debug|x64
		{FAE48D31-6360-4054-B506-8C6FA6743116}.Debug|x64.Deploy.0 = Debug|x64
		{FAE48D31-6360-4054-B506-8C6FA6743116}.Debug|x86.ActiveCfg = Debug|x86
		{FAE48D31-6360-4054-B506-8C6FA6743116}.Debug|x86.Build.0 = Debug|x86
		{FAE48D31-6360-4054-B506-8C6FA6743116}.Debug|x86.Deploy.0 = Debug|x86
		{FAE48D31-6360-4054-B506-8C6FA6743116}.Release|Any CPU.ActiveCfg = Release|x64
		{FAE48D31-6360-4054-B506-8C6FA6743116}.Release|Any CPU.Build.0 = Release|x64
		{FAE48D31-6360-4054-B506-8C6FA6743116}.Release|Any CPU.Deploy.0 = Release|x64
		{FAE48D31-6360-4054-B506-8C6FA6743116}.Release|ARM.ActiveCfg = Release|ARM
		{FAE48D31-6360-4054-B506-8C6FA6743116}.Release|ARM.Build.0 = Release|ARM
		{FAE48D31-6360-4054-B506-8C6FA6743116}.Release|ARM.Deploy.0 = Release|ARM
		{FAE48D31-6360-4054-B506-8C6FA6743116}.Release|ARM64.ActiveCfg = Release|ARM64
		{FAE48D31-6360-4054-B506-8C6FA6743116}.Release|ARM64.Build.0 = Release|ARM64
		{FAE48D31-6360-4054-B506-8C6FA6743116}.Release|ARM64.Deploy.0 = Release|ARM64
		{FAE48D31-6360-4054-B506-8C6FA6743116}.Release|x64.ActiveCfg = Release|x64
		{FAE48D31-6360-4054-B506-8C6FA6743116}.Release|x64.Build.0 = Release|x64
		{FAE48D31-6360-4054-B506-8C6FA6743116}.Release|x64.Deploy.0 = Release|x64
		{FAE48D31-6360-4054-B506-8C6FA6743116}.Release|x86.ActiveCfg = Release|x86
		{FAE48D31-6360-4054-B506-8C6FA6743116}.Release|x86.Build.0 = Release|x86
		{FAE48D31-6360-4054-B506-8C6FA6743116}.Release|x86.Deploy.0 = Release|x86
		{700BC7D0-3A2B-4F96-BF05-5B1805BB56F4}.Debug|Any CPU.ActiveCfg = Debug|Any CPU
		{700BC7D0-3A2B-4F96-BF05-5B1805BB56F4}.Debug|Any CPU.Build.0 = Debug|Any CPU
		{700BC7D0-3A2B-4F96-BF05-5B1805BB56F4}.Debug|ARM.ActiveCfg = Debug|Any CPU
		{700BC7D0-3A2B-4F96-BF05-5B1805BB56F4}.Debug|ARM.Build.0 = Debug|Any CPU
		{700BC7D0-3A2B-4F96-BF05-5B1805BB56F4}.Debug|ARM64.ActiveCfg = Debug|Any CPU
		{700BC7D0-3A2B-4F96-BF05-5B1805BB56F4}.Debug|ARM64.Build.0 = Debug|Any CPU
		{700BC7D0-3A2B-4F96-BF05-5B1805BB56F4}.Debug|x64.ActiveCfg = Debug|Any CPU
		{700BC7D0-3A2B-4F96-BF05-5B1805BB56F4}.Debug|x64.Build.0 = Debug|Any CPU
		{700BC7D0-3A2B-4F96-BF05-5B1805BB56F4}.Debug|x86.ActiveCfg = Debug|Any CPU
		{700BC7D0-3A2B-4F96-BF05-5B1805BB56F4}.Debug|x86.Build.0 = Debug|Any CPU
		{700BC7D0-3A2B-4F96-BF05-5B1805BB56F4}.Release|Any CPU.ActiveCfg = Release|Any CPU
		{700BC7D0-3A2B-4F96-BF05-5B1805BB56F4}.Release|Any CPU.Build.0 = Release|Any CPU
		{700BC7D0-3A2B-4F96-BF05-5B1805BB56F4}.Release|ARM.ActiveCfg = Release|Any CPU
		{700BC7D0-3A2B-4F96-BF05-5B1805BB56F4}.Release|ARM.Build.0 = Release|Any CPU
		{700BC7D0-3A2B-4F96-BF05-5B1805BB56F4}.Release|ARM64.ActiveCfg = Release|Any CPU
		{700BC7D0-3A2B-4F96-BF05-5B1805BB56F4}.Release|ARM64.Build.0 = Release|Any CPU
		{700BC7D0-3A2B-4F96-BF05-5B1805BB56F4}.Release|x64.ActiveCfg = Release|Any CPU
		{700BC7D0-3A2B-4F96-BF05-5B1805BB56F4}.Release|x64.Build.0 = Release|Any CPU
		{700BC7D0-3A2B-4F96-BF05-5B1805BB56F4}.Release|x86.ActiveCfg = Release|Any CPU
		{700BC7D0-3A2B-4F96-BF05-5B1805BB56F4}.Release|x86.Build.0 = Release|Any CPU
		{414C40D6-9FB2-4BF7-A6DF-FC6BEFB1202E}.Debug|Any CPU.ActiveCfg = Debug|Any CPU
		{414C40D6-9FB2-4BF7-A6DF-FC6BEFB1202E}.Debug|Any CPU.Build.0 = Debug|Any CPU
		{414C40D6-9FB2-4BF7-A6DF-FC6BEFB1202E}.Debug|ARM.ActiveCfg = Debug|Any CPU
		{414C40D6-9FB2-4BF7-A6DF-FC6BEFB1202E}.Debug|ARM.Build.0 = Debug|Any CPU
		{414C40D6-9FB2-4BF7-A6DF-FC6BEFB1202E}.Debug|ARM64.ActiveCfg = Debug|Any CPU
		{414C40D6-9FB2-4BF7-A6DF-FC6BEFB1202E}.Debug|ARM64.Build.0 = Debug|Any CPU
		{414C40D6-9FB2-4BF7-A6DF-FC6BEFB1202E}.Debug|x64.ActiveCfg = Debug|Any CPU
		{414C40D6-9FB2-4BF7-A6DF-FC6BEFB1202E}.Debug|x64.Build.0 = Debug|Any CPU
		{414C40D6-9FB2-4BF7-A6DF-FC6BEFB1202E}.Debug|x86.ActiveCfg = Debug|Any CPU
		{414C40D6-9FB2-4BF7-A6DF-FC6BEFB1202E}.Debug|x86.Build.0 = Debug|Any CPU
		{414C40D6-9FB2-4BF7-A6DF-FC6BEFB1202E}.Release|Any CPU.ActiveCfg = Release|Any CPU
		{414C40D6-9FB2-4BF7-A6DF-FC6BEFB1202E}.Release|Any CPU.Build.0 = Release|Any CPU
		{414C40D6-9FB2-4BF7-A6DF-FC6BEFB1202E}.Release|ARM.ActiveCfg = Release|Any CPU
		{414C40D6-9FB2-4BF7-A6DF-FC6BEFB1202E}.Release|ARM.Build.0 = Release|Any CPU
		{414C40D6-9FB2-4BF7-A6DF-FC6BEFB1202E}.Release|ARM64.ActiveCfg = Release|Any CPU
		{414C40D6-9FB2-4BF7-A6DF-FC6BEFB1202E}.Release|ARM64.Build.0 = Release|Any CPU
		{414C40D6-9FB2-4BF7-A6DF-FC6BEFB1202E}.Release|x64.ActiveCfg = Release|Any CPU
		{414C40D6-9FB2-4BF7-A6DF-FC6BEFB1202E}.Release|x64.Build.0 = Release|Any CPU
		{414C40D6-9FB2-4BF7-A6DF-FC6BEFB1202E}.Release|x86.ActiveCfg = Release|Any CPU
		{414C40D6-9FB2-4BF7-A6DF-FC6BEFB1202E}.Release|x86.Build.0 = Release|Any CPU
	EndGlobalSection
	GlobalSection(SolutionProperties) = preSolution
		HideSolutionNode = FALSE
	EndGlobalSection
	GlobalSection(NestedProjects) = preSolution
		{C5B1D65F-77AD-4F41-A816-A3B32F1EDC97} = {6DE6833C-2640-4A72-945A-6E9A5A3238B3}
		{09CC312D-F0C1-42D5-A684-C78020DA31AD} = {2F265F2C-582E-4EFC-BF8D-CF525BFB55A3}
		{54FDB26C-EE71-4E77-9D10-86D3A4A7EAAC} = {2F265F2C-582E-4EFC-BF8D-CF525BFB55A3}
		{EDF095FE-4472-4ECB-BEA4-4246B8622B24} = {6DE6833C-2640-4A72-945A-6E9A5A3238B3}
		{6279C845-92F8-4333-AB99-3D213163593C} = {CE7D5598-7C96-4969-81CC-2F584423BADE}
		{6EC9729C-287F-4AE1-9323-2073743F060D} = {CE7D5598-7C96-4969-81CC-2F584423BADE}
		{FAE48D31-6360-4054-B506-8C6FA6743116} = {6EC9729C-287F-4AE1-9323-2073743F060D}
		{700BC7D0-3A2B-4F96-BF05-5B1805BB56F4} = {6EC9729C-287F-4AE1-9323-2073743F060D}
		{414C40D6-9FB2-4BF7-A6DF-FC6BEFB1202E} = {6DE6833C-2640-4A72-945A-6E9A5A3238B3}
	EndGlobalSection
	GlobalSection(ExtensibilityGlobals) = postSolution
		SolutionGuid = {43D28B23-E329-435F-8BF1-85AF1424B251}
	EndGlobalSection
EndGlobal
